
Microsoft Visual Studio Solution File, Format Version 12.00
# Visual Studio Version 16
VisualStudioVersion = 16.0.31624.102
MinimumVisualStudioVersion = 10.0.40219.1
Project("{8BC9CEB8-8B4A-11D0-8D11-00A0C91BC942}") = "Individ_3_Tregubov_5gr", "Individ_3_Tregubov_5gr\Individ_3_Tregubov_5gr.vcxproj", "{D1BBD6B3-8BD2-4EE3-896E-E4F1CBB7F5EB}"
EndProject
Project("{8BC9CEB8-8B4A-11D0-8D11-00A0C91BC942}") = "UnitTest1", "UnitTest1\UnitTest1.vcxproj", "{4F925EDB-6542-4B77-A143-C331EC3AD33B}"
EndProject
Global
	GlobalSection(SolutionConfigurationPlatforms) = preSolution
		Debug|x64 = Debug|x64
		Debug|x86 = Debug|x86
		Release|x64 = Release|x64
		Release|x86 = Release|x86
	EndGlobalSection
	GlobalSection(ProjectConfigurationPlatforms) = postSolution
		{D1BBD6B3-8BD2-4EE3-896E-E4F1CBB7F5EB}.Debug|x64.ActiveCfg = Debug|x64
		{D1BBD6B3-8BD2-4EE3-896E-E4F1CBB7F5EB}.Debug|x64.Build.0 = Debug|x64
		{D1BBD6B3-8BD2-4EE3-896E-E4F1CBB7F5EB}.Debug|x86.ActiveCfg = Debug|Win32
		{D1BBD6B3-8BD2-4EE3-896E-E4F1CBB7F5EB}.Debug|x86.Build.0 = Debug|Win32
		{D1BBD6B3-8BD2-4EE3-896E-E4F1CBB7F5EB}.Release|x64.ActiveCfg = Release|x64
		{D1BBD6B3-8BD2-4EE3-896E-E4F1CBB7F5EB}.Release|x64.Build.0 = Release|x64
		{D1BBD6B3-8BD2-4EE3-896E-E4F1CBB7F5EB}.Release|x86.ActiveCfg = Release|Win32
		{D1BBD6B3-8BD2-4EE3-896E-E4F1CBB7F5EB}.Release|x86.Build.0 = Release|Win32
		{4F925EDB-6542-4B77-A143-C331EC3AD33B}.Debug|x64.ActiveCfg = Debug|x64
		{4F925EDB-6542-4B77-A143-C331EC3AD33B}.Debug|x64.Build.0 = Debug|x64
		{4F925EDB-6542-4B77-A143-C331EC3AD33B}.Debug|x86.ActiveCfg = Debug|Win32
		{4F925EDB-6542-4B77-A143-C331EC3AD33B}.Debug|x86.Build.0 = Debug|Win32
		{4F925EDB-6542-4B77-A143-C331EC3AD33B}.Release|x64.ActiveCfg = Release|x64
		{4F925EDB-6542-4B77-A143-C331EC3AD33B}.Release|x64.Build.0 = Release|x64
		{4F925EDB-6542-4B77-A143-C331EC3AD33B}.Release|x86.ActiveCfg = Release|Win32
		{4F925EDB-6542-4B77-A143-C331EC3AD33B}.Release|x86.Build.0 = Release|Win32
	EndGlobalSection
	GlobalSection(SolutionProperties) = preSolution
		HideSolutionNode = FALSE
	EndGlobalSection
	GlobalSection(ExtensibilityGlobals) = postSolution
		SolutionGuid = {BD3EE049-F17B-456F-94FC-BC59611D414F}
	EndGlobalSection
EndGlobal
