
Microsoft Visual Studio Solution File, Format Version 12.00
# Visual Studio Version 16
VisualStudioVersion = 16.0.31624.102
MinimumVisualStudioVersion = 10.0.40219.1
Project("{8BC9CEB8-8B4A-11D0-8D11-00A0C91BC942}") = "Lab6", "Lab6\Lab6.vcxproj", "{7BEC1CD5-AF5B-4C25-94BA-3A1FFF4CDFCB}"
EndProject
Project("{8BC9CEB8-8B4A-11D0-8D11-00A0C91BC942}") = "UnitTest1", "UnitTest1\UnitTest1.vcxproj", "{B424B290-51AA-4429-B0B7-24174C28E748}"
EndProject
Global
	GlobalSection(SolutionConfigurationPlatforms) = preSolution
		Debug|x64 = Debug|x64
		Debug|x86 = Debug|x86
		Release|x64 = Release|x64
		Release|x86 = Release|x86
	EndGlobalSection
	GlobalSection(ProjectConfigurationPlatforms) = postSolution
		{7BEC1CD5-AF5B-4C25-94BA-3A1FFF4CDFCB}.Debug|x64.ActiveCfg = Debug|x64
		{7BEC1CD5-AF5B-4C25-94BA-3A1FFF4CDFCB}.Debug|x64.Build.0 = Debug|x64
		{7BEC1CD5-AF5B-4C25-94BA-3A1FFF4CDFCB}.Debug|x86.ActiveCfg = Debug|Win32
		{7BEC1CD5-AF5B-4C25-94BA-3A1FFF4CDFCB}.Debug|x86.Build.0 = Debug|Win32
		{7BEC1CD5-AF5B-4C25-94BA-3A1FFF4CDFCB}.Release|x64.ActiveCfg = Release|x64
		{7BEC1CD5-AF5B-4C25-94BA-3A1FFF4CDFCB}.Release|x64.Build.0 = Release|x64
		{7BEC1CD5-AF5B-4C25-94BA-3A1FFF4CDFCB}.Release|x86.ActiveCfg = Release|Win32
		{7BEC1CD5-AF5B-4C25-94BA-3A1FFF4CDFCB}.Release|x86.Build.0 = Release|Win32
		{B424B290-51AA-4429-B0B7-24174C28E748}.Debug|x64.ActiveCfg = Debug|x64
		{B424B290-51AA-4429-B0B7-24174C28E748}.Debug|x64.Build.0 = Debug|x64
		{B424B290-51AA-4429-B0B7-24174C28E748}.Debug|x86.ActiveCfg = Debug|Win32
		{B424B290-51AA-4429-B0B7-24174C28E748}.Debug|x86.Build.0 = Debug|Win32
		{B424B290-51AA-4429-B0B7-24174C28E748}.Release|x64.ActiveCfg = Release|x64
		{B424B290-51AA-4429-B0B7-24174C28E748}.Release|x64.Build.0 = Release|x64
		{B424B290-51AA-4429-B0B7-24174C28E748}.Release|x86.ActiveCfg = Release|Win32
		{B424B290-51AA-4429-B0B7-24174C28E748}.Release|x86.Build.0 = Release|Win32
	EndGlobalSection
	GlobalSection(SolutionProperties) = preSolution
		HideSolutionNode = FALSE
	EndGlobalSection
	GlobalSection(ExtensibilityGlobals) = postSolution
		SolutionGuid = {E2B2AE10-6172-4B25-8AEA-4B13D64D5331}
	EndGlobalSection
EndGlobal
